{
  "version": 4,
  "terraform_version": "0.14.7",
  "serial": 108,
  "lineage": "27c0e6f5-1f19-3485-aae0-40e515a5cb7f",
  "outputs": {},
  "resources": [
    {
      "mode": "data",
      "type": "google_service_account",
      "name": "gke_service_account",
      "provider": "provider[\"registry.terraform.io/hashicorp/google\"]",
      "instances": [
        {
          "schema_version": 0,
          "attributes": {
            "account_id": "gke-service-account",
            "display_name": "GKE Node Service Account",
            "email": "gke-service-account@seventh-terrain-301123.iam.gserviceaccount.com",
            "id": "projects/seventh-terrain-301123/serviceAccounts/gke-service-account@seventh-terrain-301123.iam.gserviceaccount.com",
            "name": "projects/seventh-terrain-301123/serviceAccounts/gke-service-account@seventh-terrain-301123.iam.gserviceaccount.com",
            "project": "seventh-terrain-301123",
            "unique_id": "114120702489579686881"
          },
          "sensitive_attributes": []
        }
      ]
    },
    {
      "mode": "managed",
      "type": "google_cloudbuild_trigger",
      "name": "build-trigger",
      "provider": "provider[\"registry.terraform.io/hashicorp/google\"]",
      "instances": [
        {
          "schema_version": 1,
          "attributes": {
            "build": [
              {
                "artifacts": [
                  {
                    "images": [
                      "gcr.io/$PROJECT_ID/johncheng-website:$COMMIT_SHA"
                    ],
                    "objects": []
                  }
                ],
                "images": [],
                "logs_bucket": "",
                "options": [],
                "queue_ttl": "",
                "secret": [],
                "source": [],
                "step": [
                  {
                    "args": [
                      "install"
                    ],
                    "dir": "",
                    "entrypoint": "",
                    "env": [],
                    "id": "",
                    "name": "gcr.io/cloud-builders/npm",
                    "secret_env": [],
                    "timeout": "",
                    "timing": "",
                    "volumes": [],
                    "wait_for": []
                  },
                  {
                    "args": [
                      "run",
                      "test"
                    ],
                    "dir": "",
                    "entrypoint": "",
                    "env": [],
                    "id": "",
                    "name": "gcr.io/cloud-builders/npm",
                    "secret_env": [],
                    "timeout": "",
                    "timing": "",
                    "volumes": [],
                    "wait_for": []
                  },
                  {
                    "args": [
                      "run",
                      "build"
                    ],
                    "dir": "",
                    "entrypoint": "",
                    "env": [],
                    "id": "",
                    "name": "gcr.io/cloud-builders/npm",
                    "secret_env": [],
                    "timeout": "",
                    "timing": "",
                    "volumes": [],
                    "wait_for": []
                  },
                  {
                    "args": [
                      "build",
                      "-t",
                      "gcr.io/$PROJECT_ID/johncheng-website:$COMMIT_SHA",
                      "."
                    ],
                    "dir": "",
                    "entrypoint": "",
                    "env": [],
                    "id": "",
                    "name": "gcr.io/cloud-builders/docker",
                    "secret_env": [],
                    "timeout": "",
                    "timing": "",
                    "volumes": [],
                    "wait_for": []
                  },
                  {
                    "args": [
                      "-c",
                      "sed -i 's/CLUSTER_NAME/johncheng-website/g' ./kubernetes/deployment.yml"
                    ],
                    "dir": "",
                    "entrypoint": "/bin/sh",
                    "env": [],
                    "id": "repo-name-replacement",
                    "name": "gcr.io/cloud-builders/gcloud",
                    "secret_env": [],
                    "timeout": "",
                    "timing": "",
                    "volumes": [],
                    "wait_for": []
                  },
                  {
                    "args": [
                      "-c",
                      "sed -i 's/PROJECT_ID/$PROJECT_ID/g' ./kubernetes/deployment.yml"
                    ],
                    "dir": "",
                    "entrypoint": "/bin/sh",
                    "env": [],
                    "id": "project-id-replacement",
                    "name": "gcr.io/cloud-builders/gcloud",
                    "secret_env": [],
                    "timeout": "",
                    "timing": "",
                    "volumes": [],
                    "wait_for": []
                  },
                  {
                    "args": [
                      "-c",
                      "sed -i 's/COMMIT_SHA/$COMMIT_SHA/g' ./kubernetes/deployment.yml"
                    ],
                    "dir": "",
                    "entrypoint": "/bin/sh",
                    "env": [],
                    "id": "commit-sha-replacement",
                    "name": "gcr.io/cloud-builders/gcloud",
                    "secret_env": [],
                    "timeout": "",
                    "timing": "",
                    "volumes": [],
                    "wait_for": [
                      "project-id-replacement"
                    ]
                  },
                  {
                    "args": [
                      "apply",
                      "-f",
                      "./kubernetes/deployment.yml"
                    ],
                    "dir": "",
                    "entrypoint": "",
                    "env": [
                      "CLOUDSDK_COMPUTE_REGION=europe-north1",
                      "CLOUDSDK_CONTAINER_CLUSTER=johncheng-prod"
                    ],
                    "id": "",
                    "name": "gcr.io/cloud-builders/kubectl",
                    "secret_env": null,
                    "timeout": "",
                    "timing": "",
                    "volumes": [],
                    "wait_for": [
                      "repo-name-replacement",
                      "project-id-replacement",
                      "commit-sha-replacement"
                    ]
                  }
                ],
                "substitutions": {},
                "tags": [],
                "timeout": "600s"
              }
            ],
            "create_time": "2021-02-27T19:23:22.672975735Z",
            "description": "Cloud build hook that deploys the service for production",
            "disabled": false,
            "filename": "",
            "github": [],
            "id": "projects/seventh-terrain-301123/triggers/e413816b-0ca3-4ba9-99a1-a6b1fd2c0ed3",
            "ignored_files": [],
            "included_files": [],
            "name": "johncheng-website-prod",
            "project": "seventh-terrain-301123",
            "substitutions": {},
            "tags": [],
            "timeouts": null,
            "trigger_id": "e413816b-0ca3-4ba9-99a1-a6b1fd2c0ed3",
            "trigger_template": [
              {
                "branch_name": "deploy-prod",
                "commit_sha": "",
                "dir": "",
                "invert_regex": false,
                "project_id": "seventh-terrain-301123",
                "repo_name": "johncheng-website",
                "tag_name": ""
              }
            ]
          },
          "sensitive_attributes": [],
          "private": "eyJlMmJmYjczMC1lY2FhLTExZTYtOGY4OC0zNDM2M2JjN2M0YzAiOnsiY3JlYXRlIjoyNDAwMDAwMDAwMDAsImRlbGV0ZSI6MjQwMDAwMDAwMDAwLCJ1cGRhdGUiOjI0MDAwMDAwMDAwMH0sInNjaGVtYV92ZXJzaW9uIjoiMSJ9"
        }
      ]
    },
    {
      "mode": "managed",
      "type": "google_container_cluster",
      "name": "primary",
      "provider": "provider[\"registry.terraform.io/hashicorp/google\"]",
      "instances": [
        {
          "schema_version": 1,
          "attributes": {
            "addons_config": [
              {
                "cloudrun_config": [],
                "horizontal_pod_autoscaling": [],
                "http_load_balancing": [],
                "network_policy_config": [
                  {
                    "disabled": true
                  }
                ]
              }
            ],
            "authenticator_groups_config": [],
            "cluster_autoscaling": [
              {
                "auto_provisioning_defaults": [],
                "enabled": false,
                "resource_limits": []
              }
            ],
            "cluster_ipv4_cidr": "10.100.0.0/14",
            "database_encryption": [
              {
                "key_name": "",
                "state": "DECRYPTED"
              }
            ],
            "datapath_provider": "",
            "default_max_pods_per_node": null,
            "default_snat_status": [
              {
                "disabled": false
              }
            ],
            "description": "",
            "enable_binary_authorization": false,
            "enable_intranode_visibility": false,
            "enable_kubernetes_alpha": false,
            "enable_legacy_abac": false,
            "enable_shielded_nodes": false,
            "enable_tpu": false,
            "endpoint": "35.228.166.55",
            "id": "projects/seventh-terrain-301123/locations/europe-north1/clusters/johncheng-prod",
            "initial_node_count": 1,
            "instance_group_urls": [
              "https://www.googleapis.com/compute/v1/projects/seventh-terrain-301123/zones/europe-north1-a/instanceGroups/gke-johncheng-prod-my-node-pool-e37071e8-grp",
              "https://www.googleapis.com/compute/v1/projects/seventh-terrain-301123/zones/europe-north1-c/instanceGroups/gke-johncheng-prod-my-node-pool-09eeafd5-grp",
              "https://www.googleapis.com/compute/v1/projects/seventh-terrain-301123/zones/europe-north1-b/instanceGroups/gke-johncheng-prod-my-node-pool-11399c3a-grp"
            ],
            "ip_allocation_policy": [],
            "label_fingerprint": "a9dc16a7",
            "location": "europe-north1",
            "logging_service": "logging.googleapis.com/kubernetes",
            "maintenance_policy": [],
            "master_auth": [
              {
                "client_certificate": "",
                "client_certificate_config": [
                  {
                    "issue_client_certificate": false
                  }
                ],
                "client_key": "",
                "cluster_ca_certificate": "LS0tLS1CRUdJTiBDRVJUSUZJQ0FURS0tLS0tCk1JSURLakNDQWhLZ0F3SUJBZ0lRY3NPUEtUZFhtM0Nianc5c085M1VqREFOQmdrcWhraUc5dzBCQVFzRkFEQXYKTVMwd0t3WURWUVFERXlSak5ERmlPRGxoWVMwNE1UWmhMVFE0TVRRdFltRmhOaTFoTlRCbFlXWm1PV1k0T0RZdwpIaGNOTWpFd016RTJNRGMwTkRVMFdoY05Nall3TXpFMU1EZzBORFUwV2pBdk1TMHdLd1lEVlFRREV5UmpOREZpCk9EbGhZUzA0TVRaaExUUTRNVFF0WW1GaE5pMWhOVEJsWVdabU9XWTRPRFl3Z2dFaU1BMEdDU3FHU0liM0RRRUIKQVFVQUE0SUJEd0F3Z2dFS0FvSUJBUUNaYXpQcm1pZnNnUW9GaUFGQloyMmg1bHU1ZUx0MGlDZ1praGV5NWE2dwpuM01xaVN3WW9FSkZNM2ZTeGp0b1I0RWkvMWFNOTAyZWVoclEvbDVWUCtLenA4eHByMlY4VXVmNzUraU5nZUU2CmlMeHp5NDlGQmkxYTdUYXZKNzV4QzFwQTF1aFExUlhkOEppRFZDZHhhZW8weGFhVDJlUWFQRzUzMUNSb3V4Y1IKSlJyYU91WjdveXJESGZPZ2VwZzZYbHZMZWhDNjI2N0sxL0lxb2hBNENOTVRnZGFjVVlQVGEyQ2RtU0JUcFlBUwo5QjF3SFRaanBzTlA3N204MWlFN1ZPSmh1YjFLTGRzUkZNREtXSm9LYnlDcFdnekMycnhJM0hic2FpOHg0WjJXCnI3ZTU4STFZU2tKeTlIMi94ZU1NZ1JFUDVNRHJBeWFpZkNsUnREbzJaMzhkQWdNQkFBR2pRakJBTUE0R0ExVWQKRHdFQi93UUVBd0lDQkRBUEJnTlZIUk1CQWY4RUJUQURBUUgvTUIwR0ExVWREZ1FXQkJSOXNMVlB1VVFFVFpSdQpjaEF4MmpucW1BWlpyekFOQmdrcWhraUc5dzBCQVFzRkFBT0NBUUVBTHFHcHR1MXFNb2FGRUhQcU4vamc5K0ZZCmVGTklVV1JIVm01Z3NvY2ZGNllEYVBvOVE0U2tvVytoZG9GNVhkK3p4UFRVdkdBY2FVODVBRzdVOTdzTXZ1b3YKRzRyTWQ5VjhYYkwrUlYwaUJFdVdIM3RWVGxCUk9BR1ZHeFppUXF4NWpxcmpUVlZhaVBzOVVtd0lnQmRRaUJSQQpoSXpPZVBWYzYzL3RQNG1hZUpGQisyTlI2Y0QwcVl1WFV5ck5OdFlxVVVvZUIzS3hOZHJMbWFMRGxXSHh4amVWCjc4SVdGUytrenowTk9yUEhSSlJCTHE1MitkTlBqN2V0Y2ZVb3NVVkhvSXpIRlBoUDJ6WjFrTVhWeE04TGdZY0QKWXdBN0g5QUJMTlZEV0pVQkxoMzFWZTEwbElPMXRXdEhqZ2syMEdSYWdGeUhqckNxNWUxQWtoeDErWmJSd2c9PQotLS0tLUVORCBDRVJUSUZJQ0FURS0tLS0tCg==",
                "password": "",
                "username": ""
              }
            ],
            "master_authorized_networks_config": [],
            "master_version": "1.18.12-gke.1210",
            "min_master_version": null,
            "monitoring_service": "monitoring.googleapis.com/kubernetes",
            "name": "johncheng-prod",
            "network": "projects/seventh-terrain-301123/global/networks/default",
            "network_policy": [
              {
                "enabled": false,
                "provider": "PROVIDER_UNSPECIFIED"
              }
            ],
            "node_config": [
              {
                "disk_size_gb": 100,
                "disk_type": "pd-standard",
                "guest_accelerator": [],
                "image_type": "COS",
                "labels": {},
                "local_ssd_count": 0,
                "machine_type": "e2-medium",
                "metadata": {
                  "disable-legacy-endpoints": "true"
                },
                "min_cpu_platform": "",
                "oauth_scopes": [
                  "https://www.googleapis.com/auth/cloud-platform"
                ],
                "preemptible": true,
                "service_account": "gke-service-account@seventh-terrain-301123.iam.gserviceaccount.com",
                "shielded_instance_config": [
                  {
                    "enable_integrity_monitoring": true,
                    "enable_secure_boot": false
                  }
                ],
                "tags": [],
                "taint": [],
                "workload_metadata_config": []
              }
            ],
            "node_locations": [
              "europe-north1-a",
              "europe-north1-b",
              "europe-north1-c"
            ],
            "node_pool": [
              {
                "autoscaling": [],
                "initial_node_count": 1,
                "instance_group_urls": [
                  "https://www.googleapis.com/compute/v1/projects/seventh-terrain-301123/zones/europe-north1-a/instanceGroupManagers/gke-johncheng-prod-my-node-pool-e37071e8-grp",
                  "https://www.googleapis.com/compute/v1/projects/seventh-terrain-301123/zones/europe-north1-c/instanceGroupManagers/gke-johncheng-prod-my-node-pool-09eeafd5-grp",
                  "https://www.googleapis.com/compute/v1/projects/seventh-terrain-301123/zones/europe-north1-b/instanceGroupManagers/gke-johncheng-prod-my-node-pool-11399c3a-grp"
                ],
                "management": [
                  {
                    "auto_repair": true,
                    "auto_upgrade": true
                  }
                ],
                "max_pods_per_node": 0,
                "name": "my-node-pool",
                "name_prefix": "",
                "node_config": [
                  {
                    "disk_size_gb": 100,
                    "disk_type": "pd-standard",
                    "guest_accelerator": [],
                    "image_type": "COS",
                    "labels": {},
                    "local_ssd_count": 0,
                    "machine_type": "e2-medium",
                    "metadata": {
                      "disable-legacy-endpoints": "true"
                    },
                    "min_cpu_platform": "",
                    "oauth_scopes": [
                      "https://www.googleapis.com/auth/cloud-platform"
                    ],
                    "preemptible": true,
                    "service_account": "gke-service-account@seventh-terrain-301123.iam.gserviceaccount.com",
                    "shielded_instance_config": [
                      {
                        "enable_integrity_monitoring": true,
                        "enable_secure_boot": false
                      }
                    ],
                    "tags": [],
                    "taint": [],
                    "workload_metadata_config": []
                  }
                ],
                "node_count": 1,
                "node_locations": [
                  "europe-north1-a",
                  "europe-north1-b",
                  "europe-north1-c"
                ],
                "upgrade_settings": [
                  {
                    "max_surge": 1,
                    "max_unavailable": 0
                  }
                ],
                "version": "1.18.12-gke.1210"
              }
            ],
            "node_version": "1.18.12-gke.1210",
            "operation": null,
            "pod_security_policy_config": [],
            "private_cluster_config": [],
            "project": "seventh-terrain-301123",
            "release_channel": [
              {
                "channel": "REGULAR"
              }
            ],
            "remove_default_node_pool": true,
            "resource_labels": {},
            "resource_usage_export_config": [],
            "self_link": "https://container.googleapis.com/v1beta1/projects/seventh-terrain-301123/locations/europe-north1/clusters/johncheng-prod",
            "services_ipv4_cidr": "10.103.240.0/20",
            "subnetwork": "projects/seventh-terrain-301123/regions/europe-north1/subnetworks/default",
            "timeouts": null,
            "tpu_ipv4_cidr_block": "",
            "vertical_pod_autoscaling": [],
            "workload_identity_config": []
          },
          "sensitive_attributes": [],
          "private": "eyJlMmJmYjczMC1lY2FhLTExZTYtOGY4OC0zNDM2M2JjN2M0YzAiOnsiY3JlYXRlIjoyNDAwMDAwMDAwMDAwLCJkZWxldGUiOjI0MDAwMDAwMDAwMDAsInJlYWQiOjI0MDAwMDAwMDAwMDAsInVwZGF0ZSI6MzYwMDAwMDAwMDAwMH0sInNjaGVtYV92ZXJzaW9uIjoiMSJ9"
        }
      ]
    },
    {
      "mode": "managed",
      "type": "google_container_node_pool",
      "name": "primary_preemptible_nodes",
      "provider": "provider[\"registry.terraform.io/hashicorp/google\"]",
      "instances": [
        {
          "schema_version": 1,
          "attributes": {
            "autoscaling": [],
            "cluster": "johncheng-prod",
            "id": "projects/seventh-terrain-301123/locations/europe-north1/clusters/johncheng-prod/nodePools/my-node-pool",
            "initial_node_count": 1,
            "instance_group_urls": [
              "https://www.googleapis.com/compute/v1/projects/seventh-terrain-301123/zones/europe-north1-a/instanceGroupManagers/gke-johncheng-prod-my-node-pool-e37071e8-grp",
              "https://www.googleapis.com/compute/v1/projects/seventh-terrain-301123/zones/europe-north1-c/instanceGroupManagers/gke-johncheng-prod-my-node-pool-09eeafd5-grp",
              "https://www.googleapis.com/compute/v1/projects/seventh-terrain-301123/zones/europe-north1-b/instanceGroupManagers/gke-johncheng-prod-my-node-pool-11399c3a-grp"
            ],
            "location": "europe-north1",
            "management": [
              {
                "auto_repair": true,
                "auto_upgrade": true
              }
            ],
            "max_pods_per_node": null,
            "name": "my-node-pool",
            "name_prefix": "",
            "node_config": [
              {
                "disk_size_gb": 100,
                "disk_type": "pd-standard",
                "guest_accelerator": [],
                "image_type": "COS",
                "labels": {},
                "local_ssd_count": 0,
                "machine_type": "e2-medium",
                "metadata": {
                  "disable-legacy-endpoints": "true"
                },
                "min_cpu_platform": "",
                "oauth_scopes": [
                  "https://www.googleapis.com/auth/cloud-platform"
                ],
                "preemptible": true,
                "service_account": "gke-service-account@seventh-terrain-301123.iam.gserviceaccount.com",
                "shielded_instance_config": [
                  {
                    "enable_integrity_monitoring": true,
                    "enable_secure_boot": false
                  }
                ],
                "tags": [],
                "taint": [],
                "workload_metadata_config": []
              }
            ],
            "node_count": 1,
            "node_locations": [
              "europe-north1-a",
              "europe-north1-b",
              "europe-north1-c"
            ],
            "project": "seventh-terrain-301123",
            "timeouts": null,
            "upgrade_settings": [
              {
                "max_surge": 1,
                "max_unavailable": 0
              }
            ],
            "version": "1.18.12-gke.1210"
          },
          "sensitive_attributes": [],
          "private": "eyJlMmJmYjczMC1lY2FhLTExZTYtOGY4OC0zNDM2M2JjN2M0YzAiOnsiY3JlYXRlIjoxODAwMDAwMDAwMDAwLCJkZWxldGUiOjE4MDAwMDAwMDAwMDAsInVwZGF0ZSI6MTgwMDAwMDAwMDAwMH0sInNjaGVtYV92ZXJzaW9uIjoiMSJ9",
          "dependencies": [
            "google_container_cluster.primary",
            "google_service_account.gke_service_account"
          ]
        }
      ]
    },
    {
      "mode": "managed",
      "type": "google_project_iam_member",
      "name": "container_registry_binding",
      "provider": "provider[\"registry.terraform.io/hashicorp/google\"]",
      "instances": [
        {
          "schema_version": 0,
          "attributes": {
            "condition": [],
            "etag": "BwW9prw2sFY=",
            "id": "seventh-terrain-301123/roles/storage.objectViewer/serviceaccount:gke-service-account@seventh-terrain-301123.iam.gserviceaccount.com",
            "member": "serviceAccount:gke-service-account@seventh-terrain-301123.iam.gserviceaccount.com",
            "project": "seventh-terrain-301123",
            "role": "roles/storage.objectViewer"
          },
          "sensitive_attributes": [],
          "private": "bnVsbA==",
          "dependencies": [
            "google_service_account.gke_service_account"
          ]
        }
      ]
    },
    {
      "mode": "managed",
      "type": "google_service_account",
      "name": "gke_service_account",
      "provider": "provider[\"registry.terraform.io/hashicorp/google\"]",
      "instances": [
        {
          "schema_version": 0,
          "attributes": {
            "account_id": "gke-service-account",
            "description": "",
            "display_name": "GKE Node Service Account",
            "email": "gke-service-account@seventh-terrain-301123.iam.gserviceaccount.com",
            "id": "projects/seventh-terrain-301123/serviceAccounts/gke-service-account@seventh-terrain-301123.iam.gserviceaccount.com",
            "name": "projects/seventh-terrain-301123/serviceAccounts/gke-service-account@seventh-terrain-301123.iam.gserviceaccount.com",
            "project": "seventh-terrain-301123",
            "timeouts": null,
            "unique_id": "114120702489579686881"
          },
          "sensitive_attributes": [],
          "private": "eyJlMmJmYjczMC1lY2FhLTExZTYtOGY4OC0zNDM2M2JjN2M0YzAiOnsiY3JlYXRlIjozMDAwMDAwMDAwMDB9fQ=="
        }
      ]
    },
    {
      "mode": "managed",
      "type": "google_sourcerepo_repository",
      "name": "repository",
      "provider": "provider[\"registry.terraform.io/hashicorp/google\"]",
      "instances": [
        {
          "schema_version": 0,
          "attributes": {
            "id": "projects/seventh-terrain-301123/repos/johncheng-website",
            "name": "johncheng-website",
            "project": "seventh-terrain-301123",
            "pubsub_configs": [],
            "size": 1488341,
            "timeouts": null,
            "url": "https://source.developers.google.com/p/seventh-terrain-301123/r/johncheng-website"
          },
          "sensitive_attributes": [],
          "private": "eyJlMmJmYjczMC1lY2FhLTExZTYtOGY4OC0zNDM2M2JjN2M0YzAiOnsiY3JlYXRlIjoyNDAwMDAwMDAwMDAsImRlbGV0ZSI6MjQwMDAwMDAwMDAwLCJ1cGRhdGUiOjI0MDAwMDAwMDAwMH19"
        }
      ]
    }
  ]
}
